
Microsoft Visual Studio Solution File, Format Version 12.00
# Visual Studio 15
VisualStudioVersion = 15.0.28307.168
MinimumVisualStudioVersion = 10.0.40219.1
Project("{8BC9CEB8-8B4A-11D0-8D11-00A0C91BC942}") = "2D_Fourier", "2D_Fourier\2D_Fourier.vcxproj", "{49167EF0-0C30-486F-8E2A-9F9ADF95929A}"
EndProject
Global
	GlobalSection(SolutionConfigurationPlatforms) = preSolution
		Debug|x64 = Debug|x64
		Debug|x86 = Debug|x86
		Release|x64 = Release|x64
		Release|x86 = Release|x86
	EndGlobalSection
	GlobalSection(ProjectConfigurationPlatforms) = postSolution
		{49167EF0-0C30-486F-8E2A-9F9ADF95929A}.Debug|x64.ActiveCfg = Debug|x64
		{49167EF0-0C30-486F-8E2A-9F9ADF95929A}.Debug|x64.Build.0 = Debug|x64
		{49167EF0-0C30-486F-8E2A-9F9ADF95929A}.Debug|x86.ActiveCfg = Debug|Win32
		{49167EF0-0C30-486F-8E2A-9F9ADF95929A}.Debug|x86.Build.0 = Debug|Win32
		{49167EF0-0C30-486F-8E2A-9F9ADF95929A}.Release|x64.ActiveCfg = Release|x64
		{49167EF0-0C30-486F-8E2A-9F9ADF95929A}.Release|x64.Build.0 = Release|x64
		{49167EF0-0C30-486F-8E2A-9F9ADF95929A}.Release|x86.ActiveCfg = Release|Win32
		{49167EF0-0C30-486F-8E2A-9F9ADF95929A}.Release|x86.Build.0 = Release|Win32
	EndGlobalSection
	GlobalSection(SolutionProperties) = preSolution
		HideSolutionNode = FALSE
	EndGlobalSection
	GlobalSection(ExtensibilityGlobals) = postSolution
		SolutionGuid = {FD00391A-F68A-4A2E-A240-220543473B49}
	EndGlobalSection
EndGlobal
